{
  "nodes": {
    "awesome": {
      "flake": false,
      "locked": {
        "lastModified": 1640899424,
        "narHash": "sha256-xlfPAyWHSXZv2WihQM2ixOXyyYZ6rOUN+1zXG32XkM8=",
        "owner": "awesomewm",
        "repo": "awesome",
        "rev": "21b908bef9043c8fe80e0f98c9460991f37b3d10",
        "type": "github"
      },
      "original": {
        "owner": "awesomewm",
        "ref": "master",
        "repo": "awesome",
        "type": "github"
      }
    },
    "flake-utils": {
      "locked": {
        "lastModified": 1638122382,
        "narHash": "sha256-sQzZzAbvKEqN9s0bzWuYmRaA03v40gaJ4+iL1LXjaeI=",
        "owner": "numtide",
        "repo": "flake-utils",
        "rev": "74f7e4319258e287b0f9cb95426c9853b282730b",
        "type": "github"
      },
      "original": {
        "owner": "numtide",
        "repo": "flake-utils",
        "type": "github"
      }
    },
    "lain": {
      "flake": false,
      "locked": {
        "lastModified": 1632570786,
        "narHash": "sha256-NPXsgKcOGp4yDvbv/vouCpDhrEcmXsM2I1IUkDadgjw=",
        "owner": "lcpz",
        "repo": "lain",
        "rev": "4933d6cb27390776a21c659020d8ba1f4a027624",
        "type": "github"
      },
      "original": {
        "owner": "lcpz",
        "ref": "master",
        "repo": "lain",
        "type": "github"
      }
    },
    "nixpkgs": {
      "locked": {
        "lastModified": 1640618094,
        "narHash": "sha256-EU/+hGhTdsUcdNV0kb2+U/DH7R41/mMlweFzLuEplhg=",
        "owner": "NixOS",
        "repo": "nixpkgs",
        "rev": "0736e7e3a90fb6d2ff6e11c077918220a253c9bc",
        "type": "github"
      },
      "original": {
        "owner": "NixOS",
        "ref": "master",
        "repo": "nixpkgs",
        "type": "github"
      }
    },
    "root": {
      "inputs": {
        "awesome": "awesome",
        "flake-utils": "flake-utils",
        "lain": "lain",
        "nixpkgs": "nixpkgs"
      }
    }
  },
  "root": "root",
  "version": 7
}
